// !$*UTF8*$!
{
	archiveVersion = 1;
	classes = {
	};
	objectVersion = 48;
	objects = {

/* Begin PBXBuildFile section */
		F308F3A221663378004515EB /* Song 1.m4a in Resources */ = {isa = PBXBuildFile; fileRef = F308F39F21663378004515EB /* Song 1.m4a */; };
		F308F3A321663378004515EB /* Song 2.m4a in Resources */ = {isa = PBXBuildFile; fileRef = F308F3A021663378004515EB /* Song 2.m4a */; };
		F308F3A421663378004515EB /* Song 3.m4a in Resources */ = {isa = PBXBuildFile; fileRef = F308F3A121663378004515EB /* Song 3.m4a */; };
		F308F3AC2166339E004515EB /* RemoteCommandDataSource.swift in Sources */ = {isa = PBXBuildFile; fileRef = F308F3A92166339D004515EB /* RemoteCommandDataSource.swift */; };
		F308F3AD2166339E004515EB /* RemoteCommandManager.swift in Sources */ = {isa = PBXBuildFile; fileRef = F308F3AA2166339D004515EB /* RemoteCommandManager.swift */; };
		F308F3AE2166339E004515EB /* AssetPlaybackManager.swift in Sources */ = {isa = PBXBuildFile; fileRef = F308F3AB2166339D004515EB /* AssetPlaybackManager.swift */; };
		F308F3B1216633CC004515EB /* Asset.m in Sources */ = {isa = PBXBuildFile; fileRef = F308F3B0216633CC004515EB /* Asset.m */; };
		F308F3B4216634B4004515EB /* RemoteCommandDataSource.m in Sources */ = {isa = PBXBuildFile; fileRef = F308F3B3216634B4004515EB /* RemoteCommandDataSource.m */; };
		F308F3B7216634D0004515EB /* RemoteCommandManager.m in Sources */ = {isa = PBXBuildFile; fileRef = F308F3B6216634D0004515EB /* RemoteCommandManager.m */; };
		F308F3BA216634E4004515EB /* AssetPlaybackManager.m in Sources */ = {isa = PBXBuildFile; fileRef = F308F3B9216634E4004515EB /* AssetPlaybackManager.m */; };
		F3A6BF6D21645DB700092041 /* AppDelegate.m in Sources */ = {isa = PBXBuildFile; fileRef = F3A6BF6C21645DB700092041 /* AppDelegate.m */; };
		F3A6BF7521645DB800092041 /* imagesAssets.xcassets in Resources */ = {isa = PBXBuildFile; fileRef = F3A6BF7421645DB800092041 /* imagesAssets.xcassets */; };
		F3A6BF7B21645DB800092041 /* main.m in Sources */ = {isa = PBXBuildFile; fileRef = F3A6BF7A21645DB800092041 /* main.m */; };
		F3A6BF82216466EC00092041 /* LaunchScreen.storyboard in Resources */ = {isa = PBXBuildFile; fileRef = F3A6BF81216466EC00092041 /* LaunchScreen.storyboard */; };
		F3A6BF852164678C00092041 /* AssetListTableViewController.m in Sources */ = {isa = PBXBuildFile; fileRef = F3A6BF842164678C00092041 /* AssetListTableViewController.m */; };
		F3A6BF882164682B00092041 /* RemoteCommandListTableViewController.m in Sources */ = {isa = PBXBuildFile; fileRef = F3A6BF872164682B00092041 /* RemoteCommandListTableViewController.m */; };
		F3A6BF8A2164687900092041 /* Main.storyboard in Resources */ = {isa = PBXBuildFile; fileRef = F3A6BF892164687900092041 /* Main.storyboard */; };
		F3A6BF8D216468A200092041 /* RemoteCommandListTableViewCell.m in Sources */ = {isa = PBXBuildFile; fileRef = F3A6BF8C216468A200092041 /* RemoteCommandListTableViewCell.m */; };
/* End PBXBuildFile section */

/* Begin PBXFileReference section */
		F308F39F21663378004515EB /* Song 1.m4a */ = {isa = PBXFileReference; lastKnownFileType = file; path = "Song 1.m4a"; sourceTree = "<group>"; };
		F308F3A021663378004515EB /* Song 2.m4a */ = {isa = PBXFileReference; lastKnownFileType = file; path = "Song 2.m4a"; sourceTree = "<group>"; };
		F308F3A121663378004515EB /* Song 3.m4a */ = {isa = PBXFileReference; lastKnownFileType = file; path = "Song 3.m4a"; sourceTree = "<group>"; };
		F308F3A92166339D004515EB /* RemoteCommandDataSource.swift */ = {isa = PBXFileReference; fileEncoding = 4; lastKnownFileType = sourcecode.swift; path = RemoteCommandDataSource.swift; sourceTree = "<group>"; };
		F308F3AA2166339D004515EB /* RemoteCommandManager.swift */ = {isa = PBXFileReference; fileEncoding = 4; lastKnownFileType = sourcecode.swift; path = RemoteCommandManager.swift; sourceTree = "<group>"; };
		F308F3AB2166339D004515EB /* AssetPlaybackManager.swift */ = {isa = PBXFileReference; fileEncoding = 4; lastKnownFileType = sourcecode.swift; path = AssetPlaybackManager.swift; sourceTree = "<group>"; };
		F308F3AF216633CC004515EB /* Asset.h */ = {isa = PBXFileReference; lastKnownFileType = sourcecode.c.h; path = Asset.h; sourceTree = "<group>"; };
		F308F3B0216633CC004515EB /* Asset.m */ = {isa = PBXFileReference; lastKnownFileType = sourcecode.c.objc; path = Asset.m; sourceTree = "<group>"; };
		F308F3B2216634B4004515EB /* RemoteCommandDataSource.h */ = {isa = PBXFileReference; lastKnownFileType = sourcecode.c.h; path = RemoteCommandDataSource.h; sourceTree = "<group>"; };
		F308F3B3216634B4004515EB /* RemoteCommandDataSource.m */ = {isa = PBXFileReference; lastKnownFileType = sourcecode.c.objc; path = RemoteCommandDataSource.m; sourceTree = "<group>"; };
		F308F3B5216634D0004515EB /* RemoteCommandManager.h */ = {isa = PBXFileReference; lastKnownFileType = sourcecode.c.h; path = RemoteCommandManager.h; sourceTree = "<group>"; };
		F308F3B6216634D0004515EB /* RemoteCommandManager.m */ = {isa = PBXFileReference; lastKnownFileType = sourcecode.c.objc; path = RemoteCommandManager.m; sourceTree = "<group>"; };
		F308F3B8216634E4004515EB /* AssetPlaybackManager.h */ = {isa = PBXFileReference; lastKnownFileType = sourcecode.c.h; path = AssetPlaybackManager.h; sourceTree = "<group>"; };
		F308F3B9216634E4004515EB /* AssetPlaybackManager.m */ = {isa = PBXFileReference; lastKnownFileType = sourcecode.c.objc; path = AssetPlaybackManager.m; sourceTree = "<group>"; };
		F3A6BF6821645DB700092041 /* Remote Command.app */ = {isa = PBXFileReference; explicitFileType = wrapper.application; includeInIndex = 0; path = "Remote Command.app"; sourceTree = BUILT_PRODUCTS_DIR; };
		F3A6BF6B21645DB700092041 /* AppDelegate.h */ = {isa = PBXFileReference; lastKnownFileType = sourcecode.c.h; path = AppDelegate.h; sourceTree = "<group>"; };
		F3A6BF6C21645DB700092041 /* AppDelegate.m */ = {isa = PBXFileReference; lastKnownFileType = sourcecode.c.objc; path = AppDelegate.m; sourceTree = "<group>"; };
		F3A6BF7421645DB800092041 /* imagesAssets.xcassets */ = {isa = PBXFileReference; lastKnownFileType = folder.assetcatalog; path = imagesAssets.xcassets; sourceTree = "<group>"; };
		F3A6BF7921645DB800092041 /* Info.plist */ = {isa = PBXFileReference; lastKnownFileType = text.plist.xml; path = Info.plist; sourceTree = "<group>"; };
		F3A6BF7A21645DB800092041 /* main.m */ = {isa = PBXFileReference; lastKnownFileType = sourcecode.c.objc; path = main.m; sourceTree = "<group>"; };
		F3A6BF81216466EC00092041 /* LaunchScreen.storyboard */ = {isa = PBXFileReference; lastKnownFileType = file.storyboard; path = LaunchScreen.storyboard; sourceTree = "<group>"; };
		F3A6BF832164678C00092041 /* AssetListTableViewController.h */ = {isa = PBXFileReference; lastKnownFileType = sourcecode.c.h; path = AssetListTableViewController.h; sourceTree = "<group>"; };
		F3A6BF842164678C00092041 /* AssetListTableViewController.m */ = {isa = PBXFileReference; lastKnownFileType = sourcecode.c.objc; path = AssetListTableViewController.m; sourceTree = "<group>"; };
		F3A6BF862164682B00092041 /* RemoteCommandListTableViewController.h */ = {isa = PBXFileReference; lastKnownFileType = sourcecode.c.h; path = RemoteCommandListTableViewController.h; sourceTree = "<group>"; };
		F3A6BF872164682B00092041 /* RemoteCommandListTableViewController.m */ = {isa = PBXFileReference; lastKnownFileType = sourcecode.c.objc; path = RemoteCommandListTableViewController.m; sourceTree = "<group>"; };
		F3A6BF892164687900092041 /* Main.storyboard */ = {isa = PBXFileReference; lastKnownFileType = file.storyboard; path = Main.storyboard; sourceTree = "<group>"; };
		F3A6BF8B216468A200092041 /* RemoteCommandListTableViewCell.h */ = {isa = PBXFileReference; lastKnownFileType = sourcecode.c.h; path = RemoteCommandListTableViewCell.h; sourceTree = "<group>"; };
		F3A6BF8C216468A200092041 /* RemoteCommandListTableViewCell.m */ = {isa = PBXFileReference; lastKnownFileType = sourcecode.c.objc; path = RemoteCommandListTableViewCell.m; sourceTree = "<group>"; };
/* End PBXFileReference section */

/* Begin PBXFrameworksBuildPhase section */
		F3A6BF6521645DB700092041 /* Frameworks */ = {
			isa = PBXFrameworksBuildPhase;
			buildActionMask = 2147483647;
			files = (
			);
			runOnlyForDeploymentPostprocessing = 0;
		};
/* End PBXFrameworksBuildPhase section */

/* Begin PBXGroup section */
		F308F39E21663378004515EB /* Resources */ = {
			isa = PBXGroup;
			children = (
				F308F39F21663378004515EB /* Song 1.m4a */,
				F308F3A021663378004515EB /* Song 2.m4a */,
				F308F3A121663378004515EB /* Song 3.m4a */,
			);
			path = Resources;
			sourceTree = "<group>";
		};
		F308F3A52166338C004515EB /* Model */ = {
			isa = PBXGroup;
			children = (
				F308F3AF216633CC004515EB /* Asset.h */,
				F308F3B0216633CC004515EB /* Asset.m */,
			);
			path = Model;
			sourceTree = "<group>";
		};
		F308F3A82166339D004515EB /* Managers */ = {
			isa = PBXGroup;
			children = (
				F308F3A92166339D004515EB /* RemoteCommandDataSource.swift */,
				F308F3B2216634B4004515EB /* RemoteCommandDataSource.h */,
				F308F3B3216634B4004515EB /* RemoteCommandDataSource.m */,
				F308F3AA2166339D004515EB /* RemoteCommandManager.swift */,
				F308F3B5216634D0004515EB /* RemoteCommandManager.h */,
				F308F3B6216634D0004515EB /* RemoteCommandManager.m */,
				F308F3AB2166339D004515EB /* AssetPlaybackManager.swift */,
				F308F3B8216634E4004515EB /* AssetPlaybackManager.h */,
				F308F3B9216634E4004515EB /* AssetPlaybackManager.m */,
			);
			path = Managers;
			sourceTree = "<group>";
		};
		F3A6BF5D21645D2E00092041 = {
			isa = PBXGroup;
			children = (
				F3A6BF6A21645DB700092041 /* MPRemoteCommand */,
				F3A6BF6921645DB700092041 /* Products */,
			);
			sourceTree = "<group>";
		};
		F3A6BF6921645DB700092041 /* Products */ = {
			isa = PBXGroup;
			children = (
				F3A6BF6821645DB700092041 /* Remote Command.app */,
			);
			name = Products;
			sourceTree = "<group>";
		};
		F3A6BF6A21645DB700092041 /* MPRemoteCommand */ = {
			isa = PBXGroup;
			children = (
				F3A6BF6B21645DB700092041 /* AppDelegate.h */,
				F3A6BF6C21645DB700092041 /* AppDelegate.m */,
				F3A6BF832164678C00092041 /* AssetListTableViewController.h */,
				F3A6BF842164678C00092041 /* AssetListTableViewController.m */,
				F3A6BF862164682B00092041 /* RemoteCommandListTableViewController.h */,
				F3A6BF872164682B00092041 /* RemoteCommandListTableViewController.m */,
				F3A6BF8B216468A200092041 /* RemoteCommandListTableViewCell.h */,
				F3A6BF8C216468A200092041 /* RemoteCommandListTableViewCell.m */,
				F3A6BF7421645DB800092041 /* imagesAssets.xcassets */,
				F3A6BF892164687900092041 /* Main.storyboard */,
				F3A6BF81216466EC00092041 /* LaunchScreen.storyboard */,
				F3A6BF7921645DB800092041 /* Info.plist */,
				F3A6BF7A21645DB800092041 /* main.m */,
				F308F3A82166339D004515EB /* Managers */,
				F308F3A52166338C004515EB /* Model */,
				F308F39E21663378004515EB /* Resources */,
			);
			path = MPRemoteCommand;
			sourceTree = "<group>";
		};
/* End PBXGroup section */

/* Begin PBXNativeTarget section */
		F3A6BF6721645DB700092041 /* ios-app */ = {
			isa = PBXNativeTarget;
			buildConfigurationList = F3A6BF7C21645DB800092041 /* Build configuration list for PBXNativeTarget "ios-app" */;
			buildPhases = (
				F3A6BF6421645DB700092041 /* Sources */,
				F3A6BF6521645DB700092041 /* Frameworks */,
				F3A6BF6621645DB700092041 /* Resources */,
			);
			buildRules = (
			);
			dependencies = (
			);
			name = "ios-app";
			productName = "ios-app";
			productReference = F3A6BF6821645DB700092041 /* Remote Command.app */;
			productType = "com.apple.product-type.application";
		};
/* End PBXNativeTarget section */

/* Begin PBXProject section */
		F3A6BF5E21645D2E00092041 /* Project object */ = {
			isa = PBXProject;
			attributes = {
				LastUpgradeCheck = 0920;
				ORGANIZATIONNAME = "Đặng Văn Trường";
				TargetAttributes = {
					F3A6BF6721645DB700092041 = {
						CreatedOnToolsVersion = 9.2;
						ProvisioningStyle = Manual;
					};
				};
			};
			buildConfigurationList = F3A6BF6121645D2E00092041 /* Build configuration list for PBXProject "MPRemoteCommandSample" */;
			compatibilityVersion = "Xcode 8.0";
			developmentRegion = en;
			hasScannedForEncodings = 0;
			knownRegions = (
				Base,
			);
			mainGroup = F3A6BF5D21645D2E00092041;
			productRefGroup = F3A6BF6921645DB700092041 /* Products */;
			projectDirPath = "";
			projectRoot = "";
			targets = (
				F3A6BF6721645DB700092041 /* ios-app */,
			);
		};
/* End PBXProject section */

/* Begin PBXResourcesBuildPhase section */
		F3A6BF6621645DB700092041 /* Resources */ = {
			isa = PBXResourcesBuildPhase;
			buildActionMask = 2147483647;
			files = (
				F3A6BF8A2164687900092041 /* Main.storyboard in Resources */,
				F3A6BF82216466EC00092041 /* LaunchScreen.storyboard in Resources */,
				F308F3A421663378004515EB /* Song 3.m4a in Resources */,
				F308F3A221663378004515EB /* Song 1.m4a in Resources */,
				F3A6BF7521645DB800092041 /* imagesAssets.xcassets in Resources */,
				F308F3A321663378004515EB /* Song 2.m4a in Resources */,
			);
			runOnlyForDeploymentPostprocessing = 0;
		};
/* End PBXResourcesBuildPhase section */

/* Begin PBXSourcesBuildPhase section */
		F3A6BF6421645DB700092041 /* Sources */ = {
			isa = PBXSourcesBuildPhase;
			buildActionMask = 2147483647;
			files = (
				F308F3BA216634E4004515EB /* AssetPlaybackManager.m in Sources */,
				F3A6BF7B21645DB800092041 /* main.m in Sources */,
				F308F3B1216633CC004515EB /* Asset.m in Sources */,
				F3A6BF852164678C00092041 /* AssetListTableViewController.m in Sources */,
				F308F3AD2166339E004515EB /* RemoteCommandManager.swift in Sources */,
				F3A6BF6D21645DB700092041 /* AppDelegate.m in Sources */,
				F3A6BF8D216468A200092041 /* RemoteCommandListTableViewCell.m in Sources */,
				F308F3AE2166339E004515EB /* AssetPlaybackManager.swift in Sources */,
				F3A6BF882164682B00092041 /* RemoteCommandListTableViewController.m in Sources */,
				F308F3B4216634B4004515EB /* RemoteCommandDataSource.m in Sources */,
				F308F3AC2166339E004515EB /* RemoteCommandDataSource.swift in Sources */,
				F308F3B7216634D0004515EB /* RemoteCommandManager.m in Sources */,
			);
			runOnlyForDeploymentPostprocessing = 0;
		};
/* End PBXSourcesBuildPhase section */

/* Begin XCBuildConfiguration section */
		F3A6BF6221645D2E00092041 /* Debug */ = {
			isa = XCBuildConfiguration;
			buildSettings = {
				IPHONEOS_DEPLOYMENT_TARGET = 9.0;
			};
			name = Debug;
		};
		F3A6BF6321645D2E00092041 /* Release */ = {
			isa = XCBuildConfiguration;
			buildSettings = {
				IPHONEOS_DEPLOYMENT_TARGET = 9.0;
			};
			name = Release;
		};
		F3A6BF7D21645DB800092041 /* Debug */ = {
			isa = XCBuildConfiguration;
			buildSettings = {
				ALWAYS_SEARCH_USER_PATHS = NO;
				ASSETCATALOG_COMPILER_APPICON_NAME = AppIcon;
				CLANG_ANALYZER_NONNULL = YES;
				CLANG_ANALYZER_NUMBER_OBJECT_CONVERSION = YES_AGGRESSIVE;
				CLANG_CXX_LANGUAGE_STANDARD = "gnu++14";
				CLANG_CXX_LIBRARY = "libc++";
				CLANG_ENABLE_MODULES = YES;
				CLANG_ENABLE_OBJC_ARC = YES;
				CLANG_WARN_BLOCK_CAPTURE_AUTORELEASING = YES;
				CLANG_WARN_BOOL_CONVERSION = YES;
				CLANG_WARN_COMMA = YES;
				CLANG_WARN_CONSTANT_CONVERSION = YES;
				CLANG_WARN_DIRECT_OBJC_ISA_USAGE = YES_ERROR;
				CLANG_WARN_DOCUMENTATION_COMMENTS = YES;
				CLANG_WARN_EMPTY_BODY = YES;
				CLANG_WARN_ENUM_CONVERSION = YES;
				CLANG_WARN_INFINITE_RECURSION = YES;
				CLANG_WARN_INT_CONVERSION = YES;
				CLANG_WARN_NON_LITERAL_NULL_CONVERSION = YES;
				CLANG_WARN_OBJC_LITERAL_CONVERSION = YES;
				CLANG_WARN_OBJC_ROOT_CLASS = YES_ERROR;
				CLANG_WARN_RANGE_LOOP_ANALYSIS = YES;
				CLANG_WARN_STRICT_PROTOTYPES = YES;
				CLANG_WARN_SUSPICIOUS_MOVE = YES;
				CLANG_WARN_UNGUARDED_AVAILABILITY = YES_AGGRESSIVE;
				CLANG_WARN_UNREACHABLE_CODE = YES;
				CLANG_WARN__DUPLICATE_METHOD_MATCH = YES;
				CODE_SIGN_IDENTITY = "iPhone Developer";
				CODE_SIGN_STYLE = Manual;
				COPY_PHASE_STRIP = NO;
				DEBUG_INFORMATION_FORMAT = dwarf;
				DEVELOPMENT_TEAM = "";
				ENABLE_STRICT_OBJC_MSGSEND = YES;
				ENABLE_TESTABILITY = YES;
				GCC_C_LANGUAGE_STANDARD = gnu11;
				GCC_DYNAMIC_NO_PIC = NO;
				GCC_NO_COMMON_BLOCKS = YES;
				GCC_OPTIMIZATION_LEVEL = 0;
				GCC_PREPROCESSOR_DEFINITIONS = (
					"DEBUG=1",
					"$(inherited)",
				);
				GCC_WARN_64_TO_32_BIT_CONVERSION = YES;
				GCC_WARN_ABOUT_RETURN_TYPE = YES_ERROR;
				GCC_WARN_UNDECLARED_SELECTOR = YES;
				GCC_WARN_UNINITIALIZED_AUTOS = YES_AGGRESSIVE;
				GCC_WARN_UNUSED_FUNCTION = YES;
				GCC_WARN_UNUSED_VARIABLE = YES;
				INFOPLIST_FILE = "$(SRCROOT)/MPRemoteCommand/Info.plist";
				IPHONEOS_DEPLOYMENT_TARGET = 9.0;
				LD_RUNPATH_SEARCH_PATHS = "$(inherited) @executable_path/Frameworks";
				MTL_ENABLE_DEBUG_INFO = YES;
				ONLY_ACTIVE_ARCH = YES;
				PRODUCT_BUNDLE_IDENTIFIER = "example.truongdv.remote-command";
				PRODUCT_MODULE_NAME = "$(PRODUCT_NAME:c99extidentifier:lower)";
				PRODUCT_NAME = "Remote Command";
				PROVISIONING_PROFILE_SPECIFIER = "";
				SDKROOT = iphoneos;
				TARGETED_DEVICE_FAMILY = "1,2";
			};
			name = Debug;
		};
		F3A6BF7E21645DB800092041 /* Release */ = {
			isa = XCBuildConfiguration;
			buildSettings = {
				ALWAYS_SEARCH_USER_PATHS = NO;
				ASSETCATALOG_COMPILER_APPICON_NAME = AppIcon;
				CLANG_ANALYZER_NONNULL = YES;
				CLANG_ANALYZER_NUMBER_OBJECT_CONVERSION = YES_AGGRESSIVE;
				CLANG_CXX_LANGUAGE_STANDARD = "gnu++14";
				CLANG_CXX_LIBRARY = "libc++";
				CLANG_ENABLE_MODULES = YES;
				CLANG_ENABLE_OBJC_ARC = YES;
				CLANG_WARN_BLOCK_CAPTURE_AUTORELEASING = YES;
				CLANG_WARN_BOOL_CONVERSION = YES;
				CLANG_WARN_COMMA = YES;
				CLANG_WARN_CONSTANT_CONVERSION = YES;
				CLANG_WARN_DIRECT_OBJC_ISA_USAGE = YES_ERROR;
				CLANG_WARN_DOCUMENTATION_COMMENTS = YES;
				CLANG_WARN_EMPTY_BODY = YES;
				CLANG_WARN_ENUM_CONVERSION = YES;
				CLANG_WARN_INFINITE_RECURSION = YES;
				CLANG_WARN_INT_CONVERSION = YES;
				CLANG_WARN_NON_LITERAL_NULL_CONVERSION = YES;
				CLANG_WARN_OBJC_LITERAL_CONVERSION = YES;
				CLANG_WARN_OBJC_ROOT_CLASS = YES_ERROR;
				CLANG_WARN_RANGE_LOOP_ANALYSIS = YES;
				CLANG_WARN_STRICT_PROTOTYPES = YES;
				CLANG_WARN_SUSPICIOUS_MOVE = YES;
				CLANG_WARN_UNGUARDED_AVAILABILITY = YES_AGGRESSIVE;
				CLANG_WARN_UNREACHABLE_CODE = YES;
				CLANG_WARN__DUPLICATE_METHOD_MATCH = YES;
				CODE_SIGN_IDENTITY = "iPhone Developer";
				CODE_SIGN_STYLE = Manual;
				COPY_PHASE_STRIP = NO;
				DEBUG_INFORMATION_FORMAT = "dwarf-with-dsym";
				DEVELOPMENT_TEAM = "";
				ENABLE_NS_ASSERTIONS = NO;
				ENABLE_STRICT_OBJC_MSGSEND = YES;
				GCC_C_LANGUAGE_STANDARD = gnu11;
				GCC_NO_COMMON_BLOCKS = YES;
				GCC_WARN_64_TO_32_BIT_CONVERSION = YES;
				GCC_WARN_ABOUT_RETURN_TYPE = YES_ERROR;
				GCC_WARN_UNDECLARED_SELECTOR = YES;
				GCC_WARN_UNINITIALIZED_AUTOS = YES_AGGRESSIVE;
				GCC_WARN_UNUSED_FUNCTION = YES;
				GCC_WARN_UNUSED_VARIABLE = YES;
				INFOPLIST_FILE = "$(SRCROOT)/MPRemoteCommand/Info.plist";
				IPHONEOS_DEPLOYMENT_TARGET = 9.0;
				LD_RUNPATH_SEARCH_PATHS = "$(inherited) @executable_path/Frameworks";
				MTL_ENABLE_DEBUG_INFO = NO;
				PRODUCT_BUNDLE_IDENTIFIER = "example.truongdv.remote-command";
				PRODUCT_MODULE_NAME = "$(PRODUCT_NAME:c99extidentifier:lower)";
				PRODUCT_NAME = "Remote Command";
				PROVISIONING_PROFILE_SPECIFIER = "";
				SDKROOT = iphoneos;
				TARGETED_DEVICE_FAMILY = "1,2";
				VALIDATE_PRODUCT = YES;
			};
			name = Release;
		};
/* End XCBuildConfiguration section */

/* Begin XCConfigurationList section */
		F3A6BF6121645D2E00092041 /* Build configuration list for PBXProject "MPRemoteCommandSample" */ = {
			isa = XCConfigurationList;
			buildConfigurations = (
				F3A6BF6221645D2E00092041 /* Debug */,
				F3A6BF6321645D2E00092041 /* Release */,
			);
			defaultConfigurationIsVisible = 0;
			defaultConfigurationName = Release;
		};
		F3A6BF7C21645DB800092041 /* Build configuration list for PBXNativeTarget "ios-app" */ = {
			isa = XCConfigurationList;
			buildConfigurations = (
				F3A6BF7D21645DB800092041 /* Debug */,
				F3A6BF7E21645DB800092041 /* Release */,
			);
			defaultConfigurationIsVisible = 0;
			defaultConfigurationName = Release;
		};
/* End XCConfigurationList section */
	};
	rootObject = F3A6BF5E21645D2E00092041 /* Project object */;
}
